// !$*UTF8*$!
{
	archiveVersion = 1;
	classes = {
	};
	objectVersion = 50;
	objects = {

/* Begin PBXBuildFile section */
		BAA5615722E9A95D001AF0BA /* AppDelegate.m in Sources */ = {isa = PBXBuildFile; fileRef = BAA5615622E9A95D001AF0BA /* AppDelegate.m */; };
		BAA5615A22E9A95D001AF0BA /* ViewController.m in Sources */ = {isa = PBXBuildFile; fileRef = BAA5615922E9A95D001AF0BA /* ViewController.m */; };
		BAA5615D22E9A95D001AF0BA /* Main.storyboard in Resources */ = {isa = PBXBuildFile; fileRef = BAA5615B22E9A95D001AF0BA /* Main.storyboard */; };
		BAA5615F22E9A95D001AF0BA /* Assets.xcassets in Resources */ = {isa = PBXBuildFile; fileRef = BAA5615E22E9A95D001AF0BA /* Assets.xcassets */; };
		BAA5616222E9A95D001AF0BA /* LaunchScreen.storyboard in Resources */ = {isa = PBXBuildFile; fileRef = BAA5616022E9A95D001AF0BA /* LaunchScreen.storyboard */; };
		BAA5616522E9A95D001AF0BA /* main.m in Sources */ = {isa = PBXBuildFile; fileRef = BAA5616422E9A95D001AF0BA /* main.m */; };
		BAA5616F22E9A95D001AF0BA /* CommonKyepadTests.m in Sources */ = {isa = PBXBuildFile; fileRef = BAA5616E22E9A95D001AF0BA /* CommonKyepadTests.m */; };
		BAA5617A22E9A95D001AF0BA /* CommonKyepadUITests.m in Sources */ = {isa = PBXBuildFile; fileRef = BAA5617922E9A95D001AF0BA /* CommonKyepadUITests.m */; };
/* End PBXBuildFile section */

/* Begin PBXContainerItemProxy section */
		BAA5616B22E9A95D001AF0BA /* PBXContainerItemProxy */ = {
			isa = PBXContainerItemProxy;
			containerPortal = BAA5614A22E9A95C001AF0BA /* Project object */;
			proxyType = 1;
			remoteGlobalIDString = BAA5615122E9A95D001AF0BA;
			remoteInfo = CommonKyepad;
		};
		BAA5617622E9A95D001AF0BA /* PBXContainerItemProxy */ = {
			isa = PBXContainerItemProxy;
			containerPortal = BAA5614A22E9A95C001AF0BA /* Project object */;
			proxyType = 1;
			remoteGlobalIDString = BAA5615122E9A95D001AF0BA;
			remoteInfo = CommonKyepad;
		};
/* End PBXContainerItemProxy section */

/* Begin PBXFileReference section */
		BAA5615222E9A95D001AF0BA /* CommonKyepad.app */ = {isa = PBXFileReference; explicitFileType = wrapper.application; includeInIndex = 0; path = CommonKyepad.app; sourceTree = BUILT_PRODUCTS_DIR; };
		BAA5615522E9A95D001AF0BA /* AppDelegate.h */ = {isa = PBXFileReference; lastKnownFileType = sourcecode.c.h; path = AppDelegate.h; sourceTree = "<group>"; };
		BAA5615622E9A95D001AF0BA /* AppDelegate.m */ = {isa = PBXFileReference; lastKnownFileType = sourcecode.c.objc; path = AppDelegate.m; sourceTree = "<group>"; };
		BAA5615822E9A95D001AF0BA /* ViewController.h */ = {isa = PBXFileReference; lastKnownFileType = sourcecode.c.h; path = ViewController.h; sourceTree = "<group>"; };
		BAA5615922E9A95D001AF0BA /* ViewController.m */ = {isa = PBXFileReference; lastKnownFileType = sourcecode.c.objc; path = ViewController.m; sourceTree = "<group>"; };
		BAA5615C22E9A95D001AF0BA /* Base */ = {isa = PBXFileReference; lastKnownFileType = file.storyboard; name = Base; path = Base.lproj/Main.storyboard; sourceTree = "<group>"; };
		BAA5615E22E9A95D001AF0BA /* Assets.xcassets */ = {isa = PBXFileReference; lastKnownFileType = folder.assetcatalog; path = Assets.xcassets; sourceTree = "<group>"; };
		BAA5616122E9A95D001AF0BA /* Base */ = {isa = PBXFileReference; lastKnownFileType = file.storyboard; name = Base; path = Base.lproj/LaunchScreen.storyboard; sourceTree = "<group>"; };
		BAA5616322E9A95D001AF0BA /* Info.plist */ = {isa = PBXFileReference; lastKnownFileType = text.plist.xml; path = Info.plist; sourceTree = "<group>"; };
		BAA5616422E9A95D001AF0BA /* main.m */ = {isa = PBXFileReference; lastKnownFileType = sourcecode.c.objc; path = main.m; sourceTree = "<group>"; };
		BAA5616A22E9A95D001AF0BA /* CommonKyepadTests.xctest */ = {isa = PBXFileReference; explicitFileType = wrapper.cfbundle; includeInIndex = 0; path = CommonKyepadTests.xctest; sourceTree = BUILT_PRODUCTS_DIR; };
		BAA5616E22E9A95D001AF0BA /* CommonKyepadTests.m */ = {isa = PBXFileReference; lastKnownFileType = sourcecode.c.objc; path = CommonKyepadTests.m; sourceTree = "<group>"; };
		BAA5617022E9A95D001AF0BA /* Info.plist */ = {isa = PBXFileReference; lastKnownFileType = text.plist.xml; path = Info.plist; sourceTree = "<group>"; };
		BAA5617522E9A95D001AF0BA /* CommonKyepadUITests.xctest */ = {isa = PBXFileReference; explicitFileType = wrapper.cfbundle; includeInIndex = 0; path = CommonKyepadUITests.xctest; sourceTree = BUILT_PRODUCTS_DIR; };
		BAA5617922E9A95D001AF0BA /* CommonKyepadUITests.m */ = {isa = PBXFileReference; lastKnownFileType = sourcecode.c.objc; path = CommonKyepadUITests.m; sourceTree = "<group>"; };
		BAA5617B22E9A95D001AF0BA /* Info.plist */ = {isa = PBXFileReference; lastKnownFileType = text.plist.xml; path = Info.plist; sourceTree = "<group>"; };
/* End PBXFileReference section */

/* Begin PBXFrameworksBuildPhase section */
		BAA5614F22E9A95D001AF0BA /* Frameworks */ = {
			isa = PBXFrameworksBuildPhase;
			buildActionMask = 2147483647;
			files = (
			);
			runOnlyForDeploymentPostprocessing = 0;
		};
		BAA5616722E9A95D001AF0BA /* Frameworks */ = {
			isa = PBXFrameworksBuildPhase;
			buildActionMask = 2147483647;
			files = (
			);
			runOnlyForDeploymentPostprocessing = 0;
		};
		BAA5617222E9A95D001AF0BA /* Frameworks */ = {
			isa = PBXFrameworksBuildPhase;
			buildActionMask = 2147483647;
			files = (
			);
			runOnlyForDeploymentPostprocessing = 0;
		};
/* End PBXFrameworksBuildPhase section */

/* Begin PBXGroup section */
		BAA5614922E9A95C001AF0BA = {
			isa = PBXGroup;
			children = (
				BAA5615422E9A95D001AF0BA /* CommonKyepad */,
				BAA5616D22E9A95D001AF0BA /* CommonKyepadTests */,
				BAA5617822E9A95D001AF0BA /* CommonKyepadUITests */,
				BAA5615322E9A95D001AF0BA /* Products */,
			);
			sourceTree = "<group>";
		};
		BAA5615322E9A95D001AF0BA /* Products */ = {
			isa = PBXGroup;
			children = (
				BAA5615222E9A95D001AF0BA /* CommonKyepad.app */,
				BAA5616A22E9A95D001AF0BA /* CommonKyepadTests.xctest */,
				BAA5617522E9A95D001AF0BA /* CommonKyepadUITests.xctest */,
			);
			name = Products;
			sourceTree = "<group>";
		};
		BAA5615422E9A95D001AF0BA /* CommonKyepad */ = {
			isa = PBXGroup;
			children = (
				BAA5615522E9A95D001AF0BA /* AppDelegate.h */,
				BAA5615622E9A95D001AF0BA /* AppDelegate.m */,
				BAA5615822E9A95D001AF0BA /* ViewController.h */,
				BAA5615922E9A95D001AF0BA /* ViewController.m */,
				BAA5615B22E9A95D001AF0BA /* Main.storyboard */,
				BAA5615E22E9A95D001AF0BA /* Assets.xcassets */,
				BAA5616022E9A95D001AF0BA /* LaunchScreen.storyboard */,
				BAA5616322E9A95D001AF0BA /* Info.plist */,
				BAA5616422E9A95D001AF0BA /* main.m */,
			);
			path = CommonKyepad;
			sourceTree = "<group>";
		};
		BAA5616D22E9A95D001AF0BA /* CommonKyepadTests */ = {
			isa = PBXGroup;
			children = (
				BAA5616E22E9A95D001AF0BA /* CommonKyepadTests.m */,
				BAA5617022E9A95D001AF0BA /* Info.plist */,
			);
			path = CommonKyepadTests;
			sourceTree = "<group>";
		};
		BAA5617822E9A95D001AF0BA /* CommonKyepadUITests */ = {
			isa = PBXGroup;
			children = (
				BAA5617922E9A95D001AF0BA /* CommonKyepadUITests.m */,
				BAA5617B22E9A95D001AF0BA /* Info.plist */,
			);
			path = CommonKyepadUITests;
			sourceTree = "<group>";
		};
/* End PBXGroup section */

/* Begin PBXNativeTarget section */
		BAA5615122E9A95D001AF0BA /* CommonKyepad */ = {
			isa = PBXNativeTarget;
			buildConfigurationList = BAA5617E22E9A95D001AF0BA /* Build configuration list for PBXNativeTarget "CommonKyepad" */;
			buildPhases = (
				BAA5614E22E9A95D001AF0BA /* Sources */,
				BAA5614F22E9A95D001AF0BA /* Frameworks */,
				BAA5615022E9A95D001AF0BA /* Resources */,
			);
			buildRules = (
			);
			dependencies = (
			);
			name = CommonKyepad;
			productName = CommonKyepad;
			productReference = BAA5615222E9A95D001AF0BA /* CommonKyepad.app */;
			productType = "com.apple.product-type.application";
		};
		BAA5616922E9A95D001AF0BA /* CommonKyepadTests */ = {
			isa = PBXNativeTarget;
			buildConfigurationList = BAA5618122E9A95D001AF0BA /* Build configuration list for PBXNativeTarget "CommonKyepadTests" */;
			buildPhases = (
				BAA5616622E9A95D001AF0BA /* Sources */,
				BAA5616722E9A95D001AF0BA /* Frameworks */,
				BAA5616822E9A95D001AF0BA /* Resources */,
			);
			buildRules = (
			);
			dependencies = (
				BAA5616C22E9A95D001AF0BA /* PBXTargetDependency */,
			);
			name = CommonKyepadTests;
			productName = CommonKyepadTests;
			productReference = BAA5616A22E9A95D001AF0BA /* CommonKyepadTests.xctest */;
			productType = "com.apple.product-type.bundle.unit-test";
		};
		BAA5617422E9A95D001AF0BA /* CommonKyepadUITests */ = {
			isa = PBXNativeTarget;
			buildConfigurationList = BAA5618422E9A95D001AF0BA /* Build configuration list for PBXNativeTarget "CommonKyepadUITests" */;
			buildPhases = (
				BAA5617122E9A95D001AF0BA /* Sources */,
				BAA5617222E9A95D001AF0BA /* Frameworks */,
				BAA5617322E9A95D001AF0BA /* Resources */,
			);
			buildRules = (
			);
			dependencies = (
				BAA5617722E9A95D001AF0BA /* PBXTargetDependency */,
			);
			name = CommonKyepadUITests;
			productName = CommonKyepadUITests;
			productReference = BAA5617522E9A95D001AF0BA /* CommonKyepadUITests.xctest */;
			productType = "com.apple.product-type.bundle.ui-testing";
		};
/* End PBXNativeTarget section */

/* Begin PBXProject section */
		BAA5614A22E9A95C001AF0BA /* Project object */ = {
			isa = PBXProject;
			attributes = {
				LastUpgradeCheck = 1020;
				ORGANIZATIONNAME = Byunsangjin;
				TargetAttributes = {
					BAA5615122E9A95D001AF0BA = {
						CreatedOnToolsVersion = 10.2.1;
					};
					BAA5616922E9A95D001AF0BA = {
						CreatedOnToolsVersion = 10.2.1;
						TestTargetID = BAA5615122E9A95D001AF0BA;
					};
					BAA5617422E9A95D001AF0BA = {
						CreatedOnToolsVersion = 10.2.1;
						TestTargetID = BAA5615122E9A95D001AF0BA;
					};
				};
			};
			buildConfigurationList = BAA5614D22E9A95C001AF0BA /* Build configuration list for PBXProject "CommonKyepad" */;
			compatibilityVersion = "Xcode 9.3";
			developmentRegion = en;
			hasScannedForEncodings = 0;
			knownRegions = (
				en,
				Base,
			);
			mainGroup = BAA5614922E9A95C001AF0BA;
			productRefGroup = BAA5615322E9A95D001AF0BA /* Products */;
			projectDirPath = "";
			projectRoot = "";
			targets = (
				BAA5615122E9A95D001AF0BA /* CommonKyepad */,
				BAA5616922E9A95D001AF0BA /* CommonKyepadTests */,
				BAA5617422E9A95D001AF0BA /* CommonKyepadUITests */,
			);
		};
/* End PBXProject section */

/* Begin PBXResourcesBuildPhase section */
		BAA5615022E9A95D001AF0BA /* Resources */ = {
			isa = PBXResourcesBuildPhase;
			buildActionMask = 2147483647;
			files = (
				BAA5616222E9A95D001AF0BA /* LaunchScreen.storyboard in Resources */,
				BAA5615F22E9A95D001AF0BA /* Assets.xcassets in Resources */,
				BAA5615D22E9A95D001AF0BA /* Main.storyboard in Resources */,
			);
			runOnlyForDeploymentPostprocessing = 0;
		};
		BAA5616822E9A95D001AF0BA /* Resources */ = {
			isa = PBXResourcesBuildPhase;
			buildActionMask = 2147483647;
			files = (
			);
			runOnlyForDeploymentPostprocessing = 0;
		};
		BAA5617322E9A95D001AF0BA /* Resources */ = {
			isa = PBXResourcesBuildPhase;
			buildActionMask = 2147483647;
			files = (
			);
			runOnlyForDeploymentPostprocessing = 0;
		};
/* End PBXResourcesBuildPhase section */

/* Begin PBXSourcesBuildPhase section */
		BAA5614E22E9A95D001AF0BA /* Sources */ = {
			isa = PBXSourcesBuildPhase;
			buildActionMask = 2147483647;
			files = (
				BAA5615A22E9A95D001AF0BA /* ViewController.m in Sources */,
				BAA5616522E9A95D001AF0BA /* main.m in Sources */,
				BAA5615722E9A95D001AF0BA /* AppDelegate.m in Sources */,
			);
			runOnlyForDeploymentPostprocessing = 0;
		};
		BAA5616622E9A95D001AF0BA /* Sources */ = {
			isa = PBXSourcesBuildPhase;
			buildActionMask = 2147483647;
			files = (
				BAA5616F22E9A95D001AF0BA /* CommonKyepadTests.m in Sources */,
			);
			runOnlyForDeploymentPostprocessing = 0;
		};
		BAA5617122E9A95D001AF0BA /* Sources */ = {
			isa = PBXSourcesBuildPhase;
			buildActionMask = 2147483647;
			files = (
				BAA5617A22E9A95D001AF0BA /* CommonKyepadUITests.m in Sources */,
			);
			runOnlyForDeploymentPostprocessing = 0;
		};
/* End PBXSourcesBuildPhase section */

/* Begin PBXTargetDependency section */
		BAA5616C22E9A95D001AF0BA /* PBXTargetDependency */ = {
			isa = PBXTargetDependency;
			target = BAA5615122E9A95D001AF0BA /* CommonKyepad */;
			targetProxy = BAA5616B22E9A95D001AF0BA /* PBXContainerItemProxy */;
		};
		BAA5617722E9A95D001AF0BA /* PBXTargetDependency */ = {
			isa = PBXTargetDependency;
			target = BAA5615122E9A95D001AF0BA /* CommonKyepad */;
			targetProxy = BAA5617622E9A95D001AF0BA /* PBXContainerItemProxy */;
		};
/* End PBXTargetDependency section */

/* Begin PBXVariantGroup section */
		BAA5615B22E9A95D001AF0BA /* Main.storyboard */ = {
			isa = PBXVariantGroup;
			children = (
				BAA5615C22E9A95D001AF0BA /* Base */,
			);
			name = Main.storyboard;
			sourceTree = "<group>";
		};
		BAA5616022E9A95D001AF0BA /* LaunchScreen.storyboard */ = {
			isa = PBXVariantGroup;
			children = (
				BAA5616122E9A95D001AF0BA /* Base */,
			);
			name = LaunchScreen.storyboard;
			sourceTree = "<group>";
		};
/* End PBXVariantGroup section */

/* Begin XCBuildConfiguration section */
		BAA5617C22E9A95D001AF0BA /* Debug */ = {
			isa = XCBuildConfiguration;
			buildSettings = {
				ALWAYS_SEARCH_USER_PATHS = NO;
				CLANG_ANALYZER_NONNULL = YES;
				CLANG_ANALYZER_NUMBER_OBJECT_CONVERSION = YES_AGGRESSIVE;
				CLANG_CXX_LANGUAGE_STANDARD = "gnu++14";
				CLANG_CXX_LIBRARY = "libc++";
				CLANG_ENABLE_MODULES = YES;
				CLANG_ENABLE_OBJC_ARC = YES;
				CLANG_ENABLE_OBJC_WEAK = YES;
				CLANG_WARN_BLOCK_CAPTURE_AUTORELEASING = YES;
				CLANG_WARN_BOOL_CONVERSION = YES;
				CLANG_WARN_COMMA = YES;
				CLANG_WARN_CONSTANT_CONVERSION = YES;
				CLANG_WARN_DEPRECATED_OBJC_IMPLEMENTATIONS = YES;
				CLANG_WARN_DIRECT_OBJC_ISA_USAGE = YES_ERROR;
				CLANG_WARN_DOCUMENTATION_COMMENTS = YES;
				CLANG_WARN_EMPTY_BODY = YES;
				CLANG_WARN_ENUM_CONVERSION = YES;
				CLANG_WARN_INFINITE_RECURSION = YES;
				CLANG_WARN_INT_CONVERSION = YES;
				CLANG_WARN_NON_LITERAL_NULL_CONVERSION = YES;
				CLANG_WARN_OBJC_IMPLICIT_RETAIN_SELF = YES;
				CLANG_WARN_OBJC_LITERAL_CONVERSION = YES;
				CLANG_WARN_OBJC_ROOT_CLASS = YES_ERROR;
				CLANG_WARN_RANGE_LOOP_ANALYSIS = YES;
				CLANG_WARN_STRICT_PROTOTYPES = YES;
				CLANG_WARN_SUSPICIOUS_MOVE = YES;
				CLANG_WARN_UNGUARDED_AVAILABILITY = YES_AGGRESSIVE;
				CLANG_WARN_UNREACHABLE_CODE = YES;
				CLANG_WARN__DUPLICATE_METHOD_MATCH = YES;
				CODE_SIGN_IDENTITY = "iPhone Developer";
				COPY_PHASE_STRIP = NO;
				DEBUG_INFORMATION_FORMAT = dwarf;
				ENABLE_STRICT_OBJC_MSGSEND = YES;
				ENABLE_TESTABILITY = YES;
				GCC_C_LANGUAGE_STANDARD = gnu11;
				GCC_DYNAMIC_NO_PIC = NO;
				GCC_NO_COMMON_BLOCKS = YES;
				GCC_OPTIMIZATION_LEVEL = 0;
				GCC_PREPROCESSOR_DEFINITIONS = (
					"DEBUG=1",
					"$(inherited)",
				);
				GCC_WARN_64_TO_32_BIT_CONVERSION = YES;
				GCC_WARN_ABOUT_RETURN_TYPE = YES_ERROR;
				GCC_WARN_UNDECLARED_SELECTOR = YES;
				GCC_WARN_UNINITIALIZED_AUTOS = YES_AGGRESSIVE;
				GCC_WARN_UNUSED_FUNCTION = YES;
				GCC_WARN_UNUSED_VARIABLE = YES;
				IPHONEOS_DEPLOYMENT_TARGET = 12.2;
				MTL_ENABLE_DEBUG_INFO = INCLUDE_SOURCE;
				MTL_FAST_MATH = YES;
				ONLY_ACTIVE_ARCH = YES;
				SDKROOT = iphoneos;
			};
			name = Debug;
		};
		BAA5617D22E9A95D001AF0BA /* Release */ = {
			isa = XCBuildConfiguration;
			buildSettings = {
				ALWAYS_SEARCH_USER_PATHS = NO;
				CLANG_ANALYZER_NONNULL = YES;
				CLANG_ANALYZER_NUMBER_OBJECT_CONVERSION = YES_AGGRESSIVE;
				CLANG_CXX_LANGUAGE_STANDARD = "gnu++14";
				CLANG_CXX_LIBRARY = "libc++";
				CLANG_ENABLE_MODULES = YES;
				CLANG_ENABLE_OBJC_ARC = YES;
				CLANG_ENABLE_OBJC_WEAK = YES;
				CLANG_WARN_BLOCK_CAPTURE_AUTORELEASING = YES;
				CLANG_WARN_BOOL_CONVERSION = YES;
				CLANG_WARN_COMMA = YES;
				CLANG_WARN_CONSTANT_CONVERSION = YES;
				CLANG_WARN_DEPRECATED_OBJC_IMPLEMENTATIONS = YES;
				CLANG_WARN_DIRECT_OBJC_ISA_USAGE = YES_ERROR;
				CLANG_WARN_DOCUMENTATION_COMMENTS = YES;
				CLANG_WARN_EMPTY_BODY = YES;
				CLANG_WARN_ENUM_CONVERSION = YES;
				CLANG_WARN_INFINITE_RECURSION = YES;
				CLANG_WARN_INT_CONVERSION = YES;
				CLANG_WARN_NON_LITERAL_NULL_CONVERSION = YES;
				CLANG_WARN_OBJC_IMPLICIT_RETAIN_SELF = YES;
				CLANG_WARN_OBJC_LITERAL_CONVERSION = YES;
				CLANG_WARN_OBJC_ROOT_CLASS = YES_ERROR;
				CLANG_WARN_RANGE_LOOP_ANALYSIS = YES;
				CLANG_WARN_STRICT_PROTOTYPES = YES;
				CLANG_WARN_SUSPICIOUS_MOVE = YES;
				CLANG_WARN_UNGUARDED_AVAILABILITY = YES_AGGRESSIVE;
				CLANG_WARN_UNREACHABLE_CODE = YES;
				CLANG_WARN__DUPLICATE_METHOD_MATCH = YES;
				CODE_SIGN_IDENTITY = "iPhone Developer";
				COPY_PHASE_STRIP = NO;
				DEBUG_INFORMATION_FORMAT = "dwarf-with-dsym";
				ENABLE_NS_ASSERTIONS = NO;
				ENABLE_STRICT_OBJC_MSGSEND = YES;
				GCC_C_LANGUAGE_STANDARD = gnu11;
				GCC_NO_COMMON_BLOCKS = YES;
				GCC_WARN_64_TO_32_BIT_CONVERSION = YES;
				GCC_WARN_ABOUT_RETURN_TYPE = YES_ERROR;
				GCC_WARN_UNDECLARED_SELECTOR = YES;
				GCC_WARN_UNINITIALIZED_AUTOS = YES_AGGRESSIVE;
				GCC_WARN_UNUSED_FUNCTION = YES;
				GCC_WARN_UNUSED_VARIABLE = YES;
				IPHONEOS_DEPLOYMENT_TARGET = 12.2;
				MTL_ENABLE_DEBUG_INFO = NO;
				MTL_FAST_MATH = YES;
				SDKROOT = iphoneos;
				VALIDATE_PRODUCT = YES;
			};
			name = Release;
		};
		BAA5617F22E9A95D001AF0BA /* Debug */ = {
			isa = XCBuildConfiguration;
			buildSettings = {
				ASSETCATALOG_COMPILER_APPICON_NAME = AppIcon;
				CODE_SIGN_STYLE = Automatic;
				DEVELOPMENT_TEAM = GN3PLAKW34;
				INFOPLIST_FILE = CommonKyepad/Info.plist;
				LD_RUNPATH_SEARCH_PATHS = (
					"$(inherited)",
					"@executable_path/Frameworks",
				);
				PRODUCT_BUNDLE_IDENTIFIER = dave.s.byun.CommonKyepad;
				PRODUCT_NAME = "$(TARGET_NAME)";
				TARGETED_DEVICE_FAMILY = "1,2";
			};
			name = Debug;
		};
		BAA5618022E9A95D001AF0BA /* Release */ = {
			isa = XCBuildConfiguration;
			buildSettings = {
				ASSETCATALOG_COMPILER_APPICON_NAME = AppIcon;
				CODE_SIGN_STYLE = Automatic;
				DEVELOPMENT_TEAM = GN3PLAKW34;
				INFOPLIST_FILE = CommonKyepad/Info.plist;
				LD_RUNPATH_SEARCH_PATHS = (
					"$(inherited)",
					"@executable_path/Frameworks",
				);
				PRODUCT_BUNDLE_IDENTIFIER = dave.s.byun.CommonKyepad;
				PRODUCT_NAME = "$(TARGET_NAME)";
				TARGETED_DEVICE_FAMILY = "1,2";
			};
			name = Release;
		};
		BAA5618222E9A95D001AF0BA /* Debug */ = {
			isa = XCBuildConfiguration;
			buildSettings = {
				BUNDLE_LOADER = "$(TEST_HOST)";
				CODE_SIGN_STYLE = Automatic;
				DEVELOPMENT_TEAM = GN3PLAKW34;
				INFOPLIST_FILE = CommonKyepadTests/Info.plist;
				LD_RUNPATH_SEARCH_PATHS = (
					"$(inherited)",
					"@executable_path/Frameworks",
					"@loader_path/Frameworks",
				);
				PRODUCT_BUNDLE_IDENTIFIER = dave.s.byun.CommonKyepadTests;
				PRODUCT_NAME = "$(TARGET_NAME)";
				TARGETED_DEVICE_FAMILY = "1,2";
				TEST_HOST = "$(BUILT_PRODUCTS_DIR)/CommonKyepad.app/CommonKyepad";
			};
			name = Debug;
		};
		BAA5618322E9A95D001AF0BA /* Release */ = {
			isa = XCBuildConfiguration;
			buildSettings = {
				BUNDLE_LOADER = "$(TEST_HOST)";
				CODE_SIGN_STYLE = Automatic;
				DEVELOPMENT_TEAM = GN3PLAKW34;
				INFOPLIST_FILE = CommonKyepadTests/Info.plist;
				LD_RUNPATH_SEARCH_PATHS = (
					"$(inherited)",
					"@executable_path/Frameworks",
					"@loader_path/Frameworks",
				);
				PRODUCT_BUNDLE_IDENTIFIER = dave.s.byun.CommonKyepadTests;
				PRODUCT_NAME = "$(TARGET_NAME)";
				TARGETED_DEVICE_FAMILY = "1,2";
				TEST_HOST = "$(BUILT_PRODUCTS_DIR)/CommonKyepad.app/CommonKyepad";
			};
			name = Release;
		};
		BAA5618522E9A95D001AF0BA /* Debug */ = {
			isa = XCBuildConfiguration;
			buildSettings = {
				CODE_SIGN_STYLE = Automatic;
				DEVELOPMENT_TEAM = GN3PLAKW34;
				INFOPLIST_FILE = CommonKyepadUITests/Info.plist;
				LD_RUNPATH_SEARCH_PATHS = (
					"$(inherited)",
					"@executable_path/Frameworks",
					"@loader_path/Frameworks",
				);
				PRODUCT_BUNDLE_IDENTIFIER = dave.s.byun.CommonKyepadUITests;
				PRODUCT_NAME = "$(TARGET_NAME)";
				TARGETED_DEVICE_FAMILY = "1,2";
				TEST_TARGET_NAME = CommonKyepad;
			};
			name = Debug;
		};
		BAA5618622E9A95D001AF0BA /* Release */ = {
			isa = XCBuildConfiguration;
			buildSettings = {
				CODE_SIGN_STYLE = Automatic;
				DEVELOPMENT_TEAM = GN3PLAKW34;
				INFOPLIST_FILE = CommonKyepadUITests/Info.plist;
				LD_RUNPATH_SEARCH_PATHS = (
					"$(inherited)",
					"@executable_path/Frameworks",
					"@loader_path/Frameworks",
				);
				PRODUCT_BUNDLE_IDENTIFIER = dave.s.byun.CommonKyepadUITests;
				PRODUCT_NAME = "$(TARGET_NAME)";
				TARGETED_DEVICE_FAMILY = "1,2";
				TEST_TARGET_NAME = CommonKyepad;
			};
			name = Release;
		};
/* End XCBuildConfiguration section */

/* Begin XCConfigurationList section */
		BAA5614D22E9A95C001AF0BA /* Build configuration list for PBXProject "CommonKyepad" */ = {
			isa = XCConfigurationList;
			buildConfigurations = (
				BAA5617C22E9A95D001AF0BA /* Debug */,
				BAA5617D22E9A95D001AF0BA /* Release */,
			);
			defaultConfigurationIsVisible = 0;
			defaultConfigurationName = Release;
		};
		BAA5617E22E9A95D001AF0BA /* Build configuration list for PBXNativeTarget "CommonKyepad" */ = {
			isa = XCConfigurationList;
			buildConfigurations = (
				BAA5617F22E9A95D001AF0BA /* Debug */,
				BAA5618022E9A95D001AF0BA /* Release */,
			);
			defaultConfigurationIsVisible = 0;
			defaultConfigurationName = Release;
		};
		BAA5618122E9A95D001AF0BA /* Build configuration list for PBXNativeTarget "CommonKyepadTests" */ = {
			isa = XCConfigurationList;
			buildConfigurations = (
				BAA5618222E9A95D001AF0BA /* Debug */,
				BAA5618322E9A95D001AF0BA /* Release */,
			);
			defaultConfigurationIsVisible = 0;
			defaultConfigurationName = Release;
		};
		BAA5618422E9A95D001AF0BA /* Build configuration list for PBXNativeTarget "CommonKyepadUITests" */ = {
			isa = XCConfigurationList;
			buildConfigurations = (
				BAA5618522E9A95D001AF0BA /* Debug */,
				BAA5618622E9A95D001AF0BA /* Release */,
			);
			defaultConfigurationIsVisible = 0;
			defaultConfigurationName = Release;
		};
/* End XCConfigurationList section */
	};
	rootObject = BAA5614A22E9A95C001AF0BA /* Project object */;
}
